
Microsoft Visual Studio Solution File, Format Version 12.00
# Visual Studio Version 16
VisualStudioVersion = 16.0.29728.190
MinimumVisualStudioVersion = 10.0.40219.1
Project("{FAE04EC0-301F-11D3-BF4B-00C04F79EFBC}") = "EWardsApiClient", "EWardsApiClient\EWardsApiClient.csproj", "{89FC34D1-FFD7-4171-A1DE-86F825BB44E7}"
EndProject
Project("{FAE04EC0-301F-11D3-BF4B-00C04F79EFBC}") = "EWardsApiClientTest", "EWardsApiClientTest\EWardsApiClientTest.csproj", "{A05266F4-032A-4823-A7BF-4BD847DF0683}"
EndProject
Project("{FAE04EC0-301F-11D3-BF4B-00C04F79EFBC}") = "EWardsDemo", "EWardsDemo\EWardsDemo.csproj", "{59A1782E-64A5-435C-931A-2D7ECDB4F672}"
EndProject
Global
	GlobalSection(SolutionConfigurationPlatforms) = preSolution
		Debug|Any CPU = Debug|Any CPU
		Release|Any CPU = Release|Any CPU
	EndGlobalSection
	GlobalSection(ProjectConfigurationPlatforms) = postSolution
		{89FC34D1-FFD7-4171-A1DE-86F825BB44E7}.Debug|Any CPU.ActiveCfg = Debug|Any CPU
		{89FC34D1-FFD7-4171-A1DE-86F825BB44E7}.Debug|Any CPU.Build.0 = Debug|Any CPU
		{89FC34D1-FFD7-4171-A1DE-86F825BB44E7}.Release|Any CPU.ActiveCfg = Release|Any CPU
		{89FC34D1-FFD7-4171-A1DE-86F825BB44E7}.Release|Any CPU.Build.0 = Release|Any CPU
		{A05266F4-032A-4823-A7BF-4BD847DF0683}.Debug|Any CPU.ActiveCfg = Debug|Any CPU
		{A05266F4-032A-4823-A7BF-4BD847DF0683}.Debug|Any CPU.Build.0 = Debug|Any CPU
		{A05266F4-032A-4823-A7BF-4BD847DF0683}.Release|Any CPU.ActiveCfg = Release|Any CPU
		{A05266F4-032A-4823-A7BF-4BD847DF0683}.Release|Any CPU.Build.0 = Release|Any CPU
		{59A1782E-64A5-435C-931A-2D7ECDB4F672}.Debug|Any CPU.ActiveCfg = Debug|Any CPU
		{59A1782E-64A5-435C-931A-2D7ECDB4F672}.Debug|Any CPU.Build.0 = Debug|Any CPU
		{59A1782E-64A5-435C-931A-2D7ECDB4F672}.Release|Any CPU.ActiveCfg = Release|Any CPU
		{59A1782E-64A5-435C-931A-2D7ECDB4F672}.Release|Any CPU.Build.0 = Release|Any CPU
	EndGlobalSection
	GlobalSection(SolutionProperties) = preSolution
		HideSolutionNode = FALSE
	EndGlobalSection
	GlobalSection(ExtensibilityGlobals) = postSolution
		SolutionGuid = {3749F621-CD87-45B8-899E-9FE45A826287}
	EndGlobalSection
EndGlobal
